
Microsoft Visual Studio Solution File, Format Version 12.00
# Visual Studio 14
VisualStudioVersion = 14.0.25123.0
MinimumVisualStudioVersion = 10.0.40219.1
Project("{FAE04EC0-301F-11D3-BF4B-00C04F79EFBC}") = "AssignmentSE", "AssignmentSE\AssignmentSE.csproj", "{4BAF8979-9A5E-46DB-B52F-B6A1597CF094}"
EndProject
Project("{FAE04EC0-301F-11D3-BF4B-00C04F79EFBC}") = "BayesClassifier", "BayesClassifier.csproj", "{A6A8C5B0-B4FD-4BCA-836E-24D96A73D30D}"
EndProject
Global
	GlobalSection(SolutionConfigurationPlatforms) = preSolution
		Debug|Any CPU = Debug|Any CPU
		Debug|x64 = Debug|x64
		Release|Any CPU = Release|Any CPU
		Release|x64 = Release|x64
	EndGlobalSection
	GlobalSection(ProjectConfigurationPlatforms) = postSolution
		{4BAF8979-9A5E-46DB-B52F-B6A1597CF094}.Debug|Any CPU.ActiveCfg = Debug|Any CPU
		{4BAF8979-9A5E-46DB-B52F-B6A1597CF094}.Debug|Any CPU.Build.0 = Debug|Any CPU
		{4BAF8979-9A5E-46DB-B52F-B6A1597CF094}.Debug|x64.ActiveCfg = Debug|Any CPU
		{4BAF8979-9A5E-46DB-B52F-B6A1597CF094}.Debug|x64.Build.0 = Debug|Any CPU
		{4BAF8979-9A5E-46DB-B52F-B6A1597CF094}.Release|Any CPU.ActiveCfg = Release|Any CPU
		{4BAF8979-9A5E-46DB-B52F-B6A1597CF094}.Release|Any CPU.Build.0 = Release|Any CPU
		{4BAF8979-9A5E-46DB-B52F-B6A1597CF094}.Release|x64.ActiveCfg = Release|x64
		{4BAF8979-9A5E-46DB-B52F-B6A1597CF094}.Release|x64.Build.0 = Release|x64
		{A6A8C5B0-B4FD-4BCA-836E-24D96A73D30D}.Debug|Any CPU.ActiveCfg = Debug|Any CPU
		{A6A8C5B0-B4FD-4BCA-836E-24D96A73D30D}.Debug|Any CPU.Build.0 = Debug|Any CPU
		{A6A8C5B0-B4FD-4BCA-836E-24D96A73D30D}.Debug|x64.ActiveCfg = Debug|Any CPU
		{A6A8C5B0-B4FD-4BCA-836E-24D96A73D30D}.Debug|x64.Build.0 = Debug|Any CPU
		{A6A8C5B0-B4FD-4BCA-836E-24D96A73D30D}.Release|Any CPU.ActiveCfg = Release|Any CPU
		{A6A8C5B0-B4FD-4BCA-836E-24D96A73D30D}.Release|Any CPU.Build.0 = Release|Any CPU
		{A6A8C5B0-B4FD-4BCA-836E-24D96A73D30D}.Release|x64.ActiveCfg = Release|Any CPU
		{A6A8C5B0-B4FD-4BCA-836E-24D96A73D30D}.Release|x64.Build.0 = Release|Any CPU
	EndGlobalSection
	GlobalSection(SolutionProperties) = preSolution
		HideSolutionNode = FALSE
	EndGlobalSection
EndGlobal
